
Microsoft Visual Studio Solution File, Format Version 12.00
# Visual Studio Version 17
VisualStudioVersion = 17.11.35327.3
MinimumVisualStudioVersion = 10.0.40219.1
Project("{FAE04EC0-301F-11D3-BF4B-00C04F79EFBC}") = "c# oops", "c# oops\c# oops.csproj", "{DDAC7FD5-703B-4AD3-BC0A-2CF73221EF60}"
EndProject
Global
	GlobalSection(SolutionConfigurationPlatforms) = preSolution
		Debug|Any CPU = Debug|Any CPU
		Release|Any CPU = Release|Any CPU
	EndGlobalSection
	GlobalSection(ProjectConfigurationPlatforms) = postSolution
		{DDAC7FD5-703B-4AD3-BC0A-2CF73221EF60}.Debug|Any CPU.ActiveCfg = Debug|Any CPU
		{DDAC7FD5-703B-4AD3-BC0A-2CF73221EF60}.Debug|Any CPU.Build.0 = Debug|Any CPU
		{DDAC7FD5-703B-4AD3-BC0A-2CF73221EF60}.Release|Any CPU.ActiveCfg = Release|Any CPU
		{DDAC7FD5-703B-4AD3-BC0A-2CF73221EF60}.Release|Any CPU.Build.0 = Release|Any CPU
	EndGlobalSection
	GlobalSection(SolutionProperties) = preSolution
		HideSolutionNode = FALSE
	EndGlobalSection
	GlobalSection(ExtensibilityGlobals) = postSolution
		SolutionGuid = {2F5364A0-9AA4-485A-8749-2EC351C80061}
	EndGlobalSection
EndGlobal
