
Microsoft Visual Studio Solution File, Format Version 12.00
# Visual Studio Version 17
VisualStudioVersion = 17.11.35312.102
MinimumVisualStudioVersion = 10.0.40219.1
Project("{FAE04EC0-301F-11D3-BF4B-00C04F79EFBC}") = "c-sharp-project", "c-sharp-project\c-sharp-project.csproj", "{AF86685B-C17D-40F8-A2D8-435168326C08}"
EndProject
Global
	GlobalSection(SolutionConfigurationPlatforms) = preSolution
		Debug|Any CPU = Debug|Any CPU
		Release|Any CPU = Release|Any CPU
	EndGlobalSection
	GlobalSection(ProjectConfigurationPlatforms) = postSolution
		{AF86685B-C17D-40F8-A2D8-435168326C08}.Debug|Any CPU.ActiveCfg = Debug|Any CPU
		{AF86685B-C17D-40F8-A2D8-435168326C08}.Debug|Any CPU.Build.0 = Debug|Any CPU
		{AF86685B-C17D-40F8-A2D8-435168326C08}.Release|Any CPU.ActiveCfg = Release|Any CPU
		{AF86685B-C17D-40F8-A2D8-435168326C08}.Release|Any CPU.Build.0 = Release|Any CPU
	EndGlobalSection
	GlobalSection(SolutionProperties) = preSolution
		HideSolutionNode = FALSE
	EndGlobalSection
	GlobalSection(ExtensibilityGlobals) = postSolution
		SolutionGuid = {7D8FFC03-1519-4F52-9AEC-20FEA1E9EF25}
	EndGlobalSection
EndGlobal
